
Microsoft Visual Studio Solution File, Format Version 12.00
# Visual Studio 2013
VisualStudioVersion = 12.0.40629.0
MinimumVisualStudioVersion = 10.0.40219.1
Project("{888888A0-9F3D-457C-B088-3A5042F75D52}") = "Ljc.Com.WebDataCollection.PyLib", "Ljc.Com.WebDataCollection.PyLib\Ljc.Com.WebDataCollection.PyLib.pyproj", "{9E6A58C0-E32C-4A0F-8048-04EADC0EBA56}"
EndProject
Global
	GlobalSection(SolutionConfigurationPlatforms) = preSolution
		Debug|Any CPU = Debug|Any CPU
		Release|Any CPU = Release|Any CPU
	EndGlobalSection
	GlobalSection(ProjectConfigurationPlatforms) = postSolution
		{9E6A58C0-E32C-4A0F-8048-04EADC0EBA56}.Debug|Any CPU.ActiveCfg = Debug|Any CPU
		{9E6A58C0-E32C-4A0F-8048-04EADC0EBA56}.Release|Any CPU.ActiveCfg = Release|Any CPU
	EndGlobalSection
	GlobalSection(SolutionProperties) = preSolution
		HideSolutionNode = FALSE
	EndGlobalSection
EndGlobal
